
Microsoft Visual Studio Solution File, Format Version 12.00
# Visual Studio Version 17
VisualStudioVersion = 17.1.32421.90
MinimumVisualStudioVersion = 10.0.40219.1
Project("{FAE04EC0-301F-11D3-BF4B-00C04F79EFBC}") = "TrabalhoUm", "TrabalhoUm\TrabalhoUm.csproj", "{C1D9625B-A0A4-4DD4-8E82-7CF3F7B9E426}"
EndProject
Global
	GlobalSection(SolutionConfigurationPlatforms) = preSolution
		Debug|Any CPU = Debug|Any CPU
		Release|Any CPU = Release|Any CPU
	EndGlobalSection
	GlobalSection(ProjectConfigurationPlatforms) = postSolution
		{C1D9625B-A0A4-4DD4-8E82-7CF3F7B9E426}.Debug|Any CPU.ActiveCfg = Debug|Any CPU
		{C1D9625B-A0A4-4DD4-8E82-7CF3F7B9E426}.Debug|Any CPU.Build.0 = Debug|Any CPU
		{C1D9625B-A0A4-4DD4-8E82-7CF3F7B9E426}.Release|Any CPU.ActiveCfg = Release|Any CPU
		{C1D9625B-A0A4-4DD4-8E82-7CF3F7B9E426}.Release|Any CPU.Build.0 = Release|Any CPU
	EndGlobalSection
	GlobalSection(SolutionProperties) = preSolution
		HideSolutionNode = FALSE
	EndGlobalSection
	GlobalSection(ExtensibilityGlobals) = postSolution
		SolutionGuid = {54705EE3-F52A-4CA4-9E0B-6D49A0E6A718}
	EndGlobalSection
EndGlobal
