
Microsoft Visual Studio Solution File, Format Version 12.00
# Visual Studio Version 17
VisualStudioVersion = 17.1.32421.90
MinimumVisualStudioVersion = 10.0.40219.1
Project("{FAE04EC0-301F-11D3-BF4B-00C04F79EFBC}") = "TrabalhoSete", "TrabalhoSete\TrabalhoSete.csproj", "{18710487-DA8C-45C0-884F-2FCD9FA087EF}"
EndProject
Global
	GlobalSection(SolutionConfigurationPlatforms) = preSolution
		Debug|Any CPU = Debug|Any CPU
		Release|Any CPU = Release|Any CPU
	EndGlobalSection
	GlobalSection(ProjectConfigurationPlatforms) = postSolution
		{18710487-DA8C-45C0-884F-2FCD9FA087EF}.Debug|Any CPU.ActiveCfg = Debug|Any CPU
		{18710487-DA8C-45C0-884F-2FCD9FA087EF}.Debug|Any CPU.Build.0 = Debug|Any CPU
		{18710487-DA8C-45C0-884F-2FCD9FA087EF}.Release|Any CPU.ActiveCfg = Release|Any CPU
		{18710487-DA8C-45C0-884F-2FCD9FA087EF}.Release|Any CPU.Build.0 = Release|Any CPU
	EndGlobalSection
	GlobalSection(SolutionProperties) = preSolution
		HideSolutionNode = FALSE
	EndGlobalSection
	GlobalSection(ExtensibilityGlobals) = postSolution
		SolutionGuid = {80A15990-D555-41DE-91F5-329B91223476}
	EndGlobalSection
EndGlobal
